
Microsoft Visual Studio Solution File, Format Version 12.00
# Visual Studio 15
VisualStudioVersion = 15.0.28307.329
MinimumVisualStudioVersion = 10.0.40219.1
Project("{FAE04EC0-301F-11D3-BF4B-00C04F79EFBC}") = "palindrom", "palindrom\palindrom.csproj", "{9EAFCCB2-AF71-41BD-8BEB-3B26B4188B11}"
EndProject
Global
	GlobalSection(SolutionConfigurationPlatforms) = preSolution
		Debug|Any CPU = Debug|Any CPU
		Release|Any CPU = Release|Any CPU
	EndGlobalSection
	GlobalSection(ProjectConfigurationPlatforms) = postSolution
		{9EAFCCB2-AF71-41BD-8BEB-3B26B4188B11}.Debug|Any CPU.ActiveCfg = Debug|Any CPU
		{9EAFCCB2-AF71-41BD-8BEB-3B26B4188B11}.Debug|Any CPU.Build.0 = Debug|Any CPU
		{9EAFCCB2-AF71-41BD-8BEB-3B26B4188B11}.Release|Any CPU.ActiveCfg = Release|Any CPU
		{9EAFCCB2-AF71-41BD-8BEB-3B26B4188B11}.Release|Any CPU.Build.0 = Release|Any CPU
	EndGlobalSection
	GlobalSection(SolutionProperties) = preSolution
		HideSolutionNode = FALSE
	EndGlobalSection
	GlobalSection(ExtensibilityGlobals) = postSolution
		SolutionGuid = {19B48B4D-CE58-4EEC-A5E8-02BCE6F9FBAC}
	EndGlobalSection
EndGlobal
