
Microsoft Visual Studio Solution File, Format Version 12.00
# Visual Studio 15
VisualStudioVersion = 15.0.28307.329
MinimumVisualStudioVersion = 10.0.40219.1
Project("{FAE04EC0-301F-11D3-BF4B-00C04F79EFBC}") = "Task3", "Task3\Task3.csproj", "{2043E303-46A5-490E-922D-CEC8DA7D16D6}"
EndProject
Global
	GlobalSection(SolutionConfigurationPlatforms) = preSolution
		Debug|Any CPU = Debug|Any CPU
		Release|Any CPU = Release|Any CPU
	EndGlobalSection
	GlobalSection(ProjectConfigurationPlatforms) = postSolution
		{2043E303-46A5-490E-922D-CEC8DA7D16D6}.Debug|Any CPU.ActiveCfg = Debug|Any CPU
		{2043E303-46A5-490E-922D-CEC8DA7D16D6}.Debug|Any CPU.Build.0 = Debug|Any CPU
		{2043E303-46A5-490E-922D-CEC8DA7D16D6}.Release|Any CPU.ActiveCfg = Release|Any CPU
		{2043E303-46A5-490E-922D-CEC8DA7D16D6}.Release|Any CPU.Build.0 = Release|Any CPU
	EndGlobalSection
	GlobalSection(SolutionProperties) = preSolution
		HideSolutionNode = FALSE
	EndGlobalSection
	GlobalSection(ExtensibilityGlobals) = postSolution
		SolutionGuid = {92D09A57-5AEC-4428-9268-147DCDD7E4F2}
	EndGlobalSection
EndGlobal
