
Microsoft Visual Studio Solution File, Format Version 12.00
# Visual Studio 15
VisualStudioVersion = 15.0.28307.329
MinimumVisualStudioVersion = 10.0.40219.1
Project("{FAE04EC0-301F-11D3-BF4B-00C04F79EFBC}") = "Task4", "Task4\Task4.csproj", "{72DBD4A1-578B-46EF-80BA-B8C0E992B56E}"
EndProject
Global
	GlobalSection(SolutionConfigurationPlatforms) = preSolution
		Debug|Any CPU = Debug|Any CPU
		Release|Any CPU = Release|Any CPU
	EndGlobalSection
	GlobalSection(ProjectConfigurationPlatforms) = postSolution
		{72DBD4A1-578B-46EF-80BA-B8C0E992B56E}.Debug|Any CPU.ActiveCfg = Debug|Any CPU
		{72DBD4A1-578B-46EF-80BA-B8C0E992B56E}.Debug|Any CPU.Build.0 = Debug|Any CPU
		{72DBD4A1-578B-46EF-80BA-B8C0E992B56E}.Release|Any CPU.ActiveCfg = Release|Any CPU
		{72DBD4A1-578B-46EF-80BA-B8C0E992B56E}.Release|Any CPU.Build.0 = Release|Any CPU
	EndGlobalSection
	GlobalSection(SolutionProperties) = preSolution
		HideSolutionNode = FALSE
	EndGlobalSection
	GlobalSection(ExtensibilityGlobals) = postSolution
		SolutionGuid = {907911E7-08EC-4677-A34C-7838DCBFB627}
	EndGlobalSection
EndGlobal
